{
  "nodes": {
    "crane": {
      "locked": {
        "lastModified": 1777242778,
        "narHash": "sha256-VWTeqWeb8Sel/QiWyaPvCa9luAbcGawR+Rw09FJoHz0=",
        "owner": "ipetkov",
        "repo": "crane",
        "rev": "ad8b31ad0ba8448bd958d7a5d50d811dc5d271c0",
        "type": "github"
      },
      "original": {
        "owner": "ipetkov",
        "repo": "crane",
        "type": "github"
      }
    },
    "dms": {
      "inputs": {
        "nixpkgs": [
          "nixpkgs"
        ],
        "quickshell": "quickshell"
      },
      "locked": {
        "lastModified": 1777145534,
        "narHash": "sha256-K/DtFratLxaZ4+YS9G+HZA37banWacXYznmul3XPKKM=",
        "owner": "AvengeMedia",
        "repo": "DankMaterialShell",
        "rev": "bcf41ed5caff19e5750f3ef0594088492ecbadbe",
        "type": "github"
      },
      "original": {
        "owner": "AvengeMedia",
        "ref": "stable",
        "repo": "DankMaterialShell",
        "type": "github"
      }
    },
    "dms-plugin-docker-manager": {
      "flake": false,
      "locked": {
        "lastModified": 1764045770,
        "narHash": "sha256-VoJCaygWnKpv0s0pqTOmzZnPM922qPDMHk4EPcgVnaU=",
        "ref": "refs/heads/main",
        "rev": "860457bbb043a6651a2cbafe6e77d443123a0b07",
        "revCount": 36,
        "type": "git",
        "url": "https://github.com/LuckShiba/DmsDockerManager"
      },
      "original": {
        "type": "git",
        "url": "https://github.com/LuckShiba/DmsDockerManager"
      }
    },
    "dms-plugin-hass": {
      "flake": false,
      "locked": {
        "lastModified": 1776237376,
        "narHash": "sha256-Vtj19qIh9TX8s3fZ1BA0IWbokrkWsX6693m1yj6PTWw=",
        "ref": "refs/heads/master",
        "rev": "0b17f836f174fc8b0341d87686f5ab43c90c77a4",
        "revCount": 39,
        "type": "git",
        "url": "https://github.com/xxyangyoulin/dms-plugin-hass"
      },
      "original": {
        "type": "git",
        "url": "https://github.com/xxyangyoulin/dms-plugin-hass"
      }
    },
    "dms-plugins": {
      "flake": false,
      "locked": {
        "lastModified": 1777324456,
        "narHash": "sha256-QgeeB6Ix8L5oaqTUCopPvGu6vr0ECsF+jO3mQIxPKIw=",
        "ref": "refs/heads/master",
        "rev": "9e2752586d79a6509b93c00c6fa4be0334ae4755",
        "revCount": 98,
        "type": "git",
        "url": "https://github.com/AvengeMedia/dms-plugins"
      },
      "original": {
        "type": "git",
        "url": "https://github.com/AvengeMedia/dms-plugins"
      }
    },
    "dms-plugins-taylan": {
      "flake": false,
      "locked": {
        "lastModified": 1761528751,
        "narHash": "sha256-CA5fjB2KmlBXeh9m1+1ddjNMhZbwR4pQ9PiEPWDcuZs=",
        "ref": "refs/heads/master",
        "rev": "2fa71a37f7ba411991a9e76baa3637351830ec6a",
        "revCount": 6,
        "type": "git",
        "url": "https://github.com/TaylanTatli/dms-plugins"
      },
      "original": {
        "type": "git",
        "url": "https://github.com/TaylanTatli/dms-plugins"
      }
    },
    "flake-compat": {
      "flake": false,
      "locked": {
        "lastModified": 1767039857,
        "narHash": "sha256-vNpUSpF5Nuw8xvDLj2KCwwksIbjua2LZCqhV1LNRDns=",
        "owner": "NixOS",
        "repo": "flake-compat",
        "rev": "5edf11c44bc78a0d334f6334cdaf7d60d732daab",
        "type": "github"
      },
      "original": {
        "owner": "NixOS",
        "repo": "flake-compat",
        "type": "github"
      }
    },
    "flake-compat_2": {
      "locked": {
        "lastModified": 1733328505,
        "narHash": "sha256-NeCCThCEP3eCl2l/+27kNNK7QrwZB1IJCrXfrbv5oqU=",
        "rev": "ff81ac966bb2cae68946d5ed5fc4994f96d0ffec",
        "revCount": 69,
        "type": "tarball",
        "url": "https://api.flakehub.com/f/pinned/edolstra/flake-compat/1.1.0/01948eb7-9cba-704f-bbf3-3fa956735b52/source.tar.gz"
      },
      "original": {
        "type": "tarball",
        "url": "https://flakehub.com/f/edolstra/flake-compat/1.tar.gz"
      }
    },
    "flake-parts": {
      "inputs": {
        "nixpkgs-lib": "nixpkgs-lib"
      },
      "locked": {
        "lastModified": 1775087534,
        "narHash": "sha256-91qqW8lhL7TLwgQWijoGBbiD4t7/q75KTi8NxjVmSmA=",
        "owner": "hercules-ci",
        "repo": "flake-parts",
        "rev": "3107b77cd68437b9a76194f0f7f9c55f2329ca5b",
        "type": "github"
      },
      "original": {
        "owner": "hercules-ci",
        "repo": "flake-parts",
        "type": "github"
      }
    },
    "gitignore": {
      "inputs": {
        "nixpkgs": [
          "lanzaboote",
          "pre-commit",
          "nixpkgs"
        ]
      },
      "locked": {
        "lastModified": 1709087332,
        "narHash": "sha256-HG2cCnktfHsKV0s4XW83gU3F57gaTljL9KNSuG6bnQs=",
        "owner": "hercules-ci",
        "repo": "gitignore.nix",
        "rev": "637db329424fd7e46cf4185293b9cc8c88c95394",
        "type": "github"
      },
      "original": {
        "owner": "hercules-ci",
        "repo": "gitignore.nix",
        "type": "github"
      }
    },
    "home-manager": {
      "inputs": {
        "nixpkgs": [
          "nixpkgs"
        ]
      },
      "locked": {
        "lastModified": 1777389590,
        "narHash": "sha256-HWbn7WASXsXGADiBDt6/k9U/HpGBEmoeqIOzrf+z2HE=",
        "owner": "nix-community",
        "repo": "home-manager",
        "rev": "8ec5a714dbbeb3fda00bd9758175555ebbad4d07",
        "type": "github"
      },
      "original": {
        "owner": "nix-community",
        "repo": "home-manager",
        "type": "github"
      }
    },
    "lanzaboote": {
      "inputs": {
        "crane": "crane",
        "nixpkgs": [
          "nixpkgs"
        ],
        "pre-commit": "pre-commit",
        "rust-overlay": "rust-overlay"
      },
      "locked": {
        "lastModified": 1777299656,
        "narHash": "sha256-c0r3xXp2+xFJwkryS+nhyQwoACbFzSt4C1TVs3QMh8E=",
        "owner": "nix-community",
        "repo": "lanzaboote",
        "rev": "079c608988c2747db3902c9de033572cd50e8656",
        "type": "github"
      },
      "original": {
        "owner": "nix-community",
        "repo": "lanzaboote",
        "type": "github"
      }
    },
    "nixcord": {
      "inputs": {
        "flake-compat": "flake-compat_2",
        "flake-parts": "flake-parts",
        "nixpkgs": "nixpkgs",
        "nixpkgs-nixcord": "nixpkgs-nixcord"
      },
      "locked": {
        "lastModified": 1777394803,
        "narHash": "sha256-8SBNaW7FkE62HFv7GaCnNPmIRUPMYaNQlaesaMNNuAg=",
        "owner": "FlameFlag",
        "repo": "nixcord",
        "rev": "34846f1e37410b838562b033c4edb4db2f8dbced",
        "type": "github"
      },
      "original": {
        "owner": "FlameFlag",
        "repo": "nixcord",
        "type": "github"
      }
    },
    "nixpkgs": {
      "locked": {
        "lastModified": 1776734388,
        "narHash": "sha256-vl3dkhlE5gzsItuHoEMVe+DlonsK+0836LIRDnm6MXQ=",
        "owner": "NixOS",
        "repo": "nixpkgs",
        "rev": "10e7ad5bbcb421fe07e3a4ad53a634b0cd57ffac",
        "type": "github"
      },
      "original": {
        "owner": "NixOS",
        "ref": "nixos-25.11",
        "repo": "nixpkgs",
        "type": "github"
      }
    },
    "nixpkgs-borg14": {
      "locked": {
        "lastModified": 1775595990,
        "narHash": "sha256-OEf7YqhF9IjJFYZJyuhAypgU+VsRB5lD4DuiMws5Ltc=",
        "owner": "NixOS",
        "repo": "nixpkgs",
        "rev": "4e92bbcdb030f3b4782be4751dc08e6b6cb6ccf2",
        "type": "github"
      },
      "original": {
        "owner": "NixOS",
        "repo": "nixpkgs",
        "rev": "4e92bbcdb030f3b4782be4751dc08e6b6cb6ccf2",
        "type": "github"
      }
    },
    "nixpkgs-gitkraken": {
      "locked": {
        "lastModified": 1776785436,
        "narHash": "sha256-ni2SzhpP9xIWgK6BTTQQQxf2LhgGw0KBEkCE7Y6KS1Y=",
        "owner": "NixOS",
        "repo": "nixpkgs",
        "rev": "c71bad54fef2cfdd5f9411fff1035d8323368ae9",
        "type": "github"
      },
      "original": {
        "owner": "NixOS",
        "ref": "pull/509534/head",
        "repo": "nixpkgs",
        "type": "github"
      }
    },
    "nixpkgs-lib": {
      "locked": {
        "lastModified": 1774748309,
        "narHash": "sha256-+U7gF3qxzwD5TZuANzZPeJTZRHS29OFQgkQ2kiTJBIQ=",
        "owner": "nix-community",
        "repo": "nixpkgs.lib",
        "rev": "333c4e0545a6da976206c74db8773a1645b5870a",
        "type": "github"
      },
      "original": {
        "owner": "nix-community",
        "repo": "nixpkgs.lib",
        "type": "github"
      }
    },
    "nixpkgs-nixcord": {
      "locked": {
        "lastModified": 1776734388,
        "narHash": "sha256-vl3dkhlE5gzsItuHoEMVe+DlonsK+0836LIRDnm6MXQ=",
        "owner": "NixOS",
        "repo": "nixpkgs",
        "rev": "10e7ad5bbcb421fe07e3a4ad53a634b0cd57ffac",
        "type": "github"
      },
      "original": {
        "owner": "NixOS",
        "ref": "nixos-25.11",
        "repo": "nixpkgs",
        "type": "github"
      }
    },
    "nixpkgs_2": {
      "locked": {
        "lastModified": 1777268161,
        "narHash": "sha256-bxrdOn8SCOv8tN4JbTF/TXq7kjo9ag4M+C8yzzIRYbE=",
        "owner": "nixos",
        "repo": "nixpkgs",
        "rev": "1c3fe55ad329cbcb28471bb30f05c9827f724c76",
        "type": "github"
      },
      "original": {
        "owner": "nixos",
        "ref": "nixos-unstable",
        "repo": "nixpkgs",
        "type": "github"
      }
    },
    "pre-commit": {
      "inputs": {
        "flake-compat": "flake-compat",
        "gitignore": "gitignore",
        "nixpkgs": [
          "lanzaboote",
          "nixpkgs"
        ]
      },
      "locked": {
        "lastModified": 1776796298,
        "narHash": "sha256-PcRvlWayisPSjd0UcRQbhG8Oqw78AcPE6x872cPRHN8=",
        "owner": "cachix",
        "repo": "pre-commit-hooks.nix",
        "rev": "3cfd774b0a530725a077e17354fbdb87ea1c4aad",
        "type": "github"
      },
      "original": {
        "owner": "cachix",
        "repo": "pre-commit-hooks.nix",
        "type": "github"
      }
    },
    "quickshell": {
      "inputs": {
        "nixpkgs": [
          "dms",
          "nixpkgs"
        ]
      },
      "locked": {
        "lastModified": 1776854048,
        "narHash": "sha256-lLbV66V3RMNp1l8/UelmR4YzoJ5ONtgvEtiUMJATH/o=",
        "ref": "refs/heads/master",
        "rev": "783c953987dc56ff0601abe6845ed96f1d00495a",
        "revCount": 806,
        "type": "git",
        "url": "https://git.outfoxxed.me/quickshell/quickshell"
      },
      "original": {
        "rev": "783c953987dc56ff0601abe6845ed96f1d00495a",
        "type": "git",
        "url": "https://git.outfoxxed.me/quickshell/quickshell"
      }
    },
    "root": {
      "inputs": {
        "dms": "dms",
        "dms-plugin-docker-manager": "dms-plugin-docker-manager",
        "dms-plugin-hass": "dms-plugin-hass",
        "dms-plugins": "dms-plugins",
        "dms-plugins-taylan": "dms-plugins-taylan",
        "home-manager": "home-manager",
        "lanzaboote": "lanzaboote",
        "nixcord": "nixcord",
        "nixpkgs": "nixpkgs_2",
        "nixpkgs-borg14": "nixpkgs-borg14",
        "nixpkgs-gitkraken": "nixpkgs-gitkraken",
        "sops-nix": "sops-nix",
        "spicetify-nix": "spicetify-nix"
      }
    },
    "rust-overlay": {
      "inputs": {
        "nixpkgs": [
          "lanzaboote",
          "nixpkgs"
        ]
      },
      "locked": {
        "lastModified": 1777173302,
        "narHash": "sha256-ERiu3cbxvnTDxiDcimRA7af7xp6x1y0sRyLGm28Qzz8=",
        "owner": "oxalica",
        "repo": "rust-overlay",
        "rev": "aaec8c50baeaf2f2ba653e8aae71778a2bbbac94",
        "type": "github"
      },
      "original": {
        "owner": "oxalica",
        "repo": "rust-overlay",
        "type": "github"
      }
    },
    "sops-nix": {
      "inputs": {
        "nixpkgs": [
          "nixpkgs"
        ]
      },
      "locked": {
        "lastModified": 1777338324,
        "narHash": "sha256-bc+ZZCmOTNq86/svGnw0tVpH7vJaLYvGLLKFYP08Q8E=",
        "owner": "Mic92",
        "repo": "sops-nix",
        "rev": "8eaee5c45428b28b8c47a83e4c09dccec5f279b5",
        "type": "github"
      },
      "original": {
        "owner": "Mic92",
        "repo": "sops-nix",
        "type": "github"
      }
    },
    "spicetify-nix": {
      "inputs": {
        "nixpkgs": [
          "nixpkgs"
        ],
        "systems": "systems"
      },
      "locked": {
        "lastModified": 1777183994,
        "narHash": "sha256-zahis/vVFOsWv/HeyHbU13jxnrCC+ppIg49xG+viWxg=",
        "owner": "Gerg-L",
        "repo": "spicetify-nix",
        "rev": "501256c3e670ca1679501ce3839ea805df00d8ba",
        "type": "github"
      },
      "original": {
        "owner": "Gerg-L",
        "repo": "spicetify-nix",
        "type": "github"
      }
    },
    "systems": {
      "locked": {
        "lastModified": 1681028828,
        "narHash": "sha256-Vy1rq5AaRuLzOxct8nz4T6wlgyUR7zLU309k9mBC768=",
        "owner": "nix-systems",
        "repo": "default",
        "rev": "da67096a3b9bf56a91d16901293e51ba5b49a27e",
        "type": "github"
      },
      "original": {
        "owner": "nix-systems",
        "repo": "default",
        "type": "github"
      }
    }
  },
  "root": "root",
  "version": 7
}
